{
  "originHash" : "a875b5cfe07efe239bb77f9a28f79b9de1dedb8686414ccac4bda06605eac63a",
  "pins" : [
    {
      "identity" : "swift-dotenv",
      "kind" : "remoteSourceControl",
      "location" : "https://github.com/thebarndog/swift-dotenv",
      "state" : {
        "revision" : "d13062940a3cdb2b13efa22ecc83b07b21c2e8dc",
        "version" : "2.1.0"
      }
    }
  ],
  "version" : 3
}
